
Microsoft Visual Studio Solution File, Format Version 12.00
# Visual Studio 14
VisualStudioVersion = 14.0.23107.0
MinimumVisualStudioVersion = 10.0.40219.1
Project("{FAE04EC0-301F-11D3-BF4B-00C04F79EFBC}") = "SchoolBook", "SchoolBook\SchoolBook.csproj", "{D2F72CFB-4209-4771-A145-3FAD0423FDAC}"
EndProject
Project("{FAE04EC0-301F-11D3-BF4B-00C04F79EFBC}") = "SchoolBook.Tests", "SchoolBook.Tests\SchoolBook.Tests.csproj", "{80DE642C-72FD-457C-B5A0-08EF8C82AB97}"
EndProject
Global
	GlobalSection(SolutionConfigurationPlatforms) = preSolution
		Debug|Any CPU = Debug|Any CPU
		Release|Any CPU = Release|Any CPU
	EndGlobalSection
	GlobalSection(ProjectConfigurationPlatforms) = postSolution
		{D2F72CFB-4209-4771-A145-3FAD0423FDAC}.Debug|Any CPU.ActiveCfg = Debug|Any CPU
		{D2F72CFB-4209-4771-A145-3FAD0423FDAC}.Debug|Any CPU.Build.0 = Debug|Any CPU
		{D2F72CFB-4209-4771-A145-3FAD0423FDAC}.Release|Any CPU.ActiveCfg = Release|Any CPU
		{D2F72CFB-4209-4771-A145-3FAD0423FDAC}.Release|Any CPU.Build.0 = Release|Any CPU
		{80DE642C-72FD-457C-B5A0-08EF8C82AB97}.Debug|Any CPU.ActiveCfg = Debug|Any CPU
		{80DE642C-72FD-457C-B5A0-08EF8C82AB97}.Debug|Any CPU.Build.0 = Debug|Any CPU
		{80DE642C-72FD-457C-B5A0-08EF8C82AB97}.Release|Any CPU.ActiveCfg = Release|Any CPU
		{80DE642C-72FD-457C-B5A0-08EF8C82AB97}.Release|Any CPU.Build.0 = Release|Any CPU
	EndGlobalSection
	GlobalSection(SolutionProperties) = preSolution
		HideSolutionNode = FALSE
	EndGlobalSection
EndGlobal
